
Microsoft Visual Studio Solution File, Format Version 12.00
# Visual Studio Version 16
VisualStudioVersion = 16.0.31112.23
MinimumVisualStudioVersion = 10.0.40219.1
Project("{FAE04EC0-301F-11D3-BF4B-00C04F79EFBC}") = "HTML Homework Two", "HTML Homework Two\HTML Homework Two.csproj", "{BBC673FF-C676-4454-9160-1EA14FFEC010}"
EndProject
Global
	GlobalSection(SolutionConfigurationPlatforms) = preSolution
		Debug|Any CPU = Debug|Any CPU
		Release|Any CPU = Release|Any CPU
	EndGlobalSection
	GlobalSection(ProjectConfigurationPlatforms) = postSolution
		{BBC673FF-C676-4454-9160-1EA14FFEC010}.Debug|Any CPU.ActiveCfg = Debug|Any CPU
		{BBC673FF-C676-4454-9160-1EA14FFEC010}.Debug|Any CPU.Build.0 = Debug|Any CPU
		{BBC673FF-C676-4454-9160-1EA14FFEC010}.Release|Any CPU.ActiveCfg = Release|Any CPU
		{BBC673FF-C676-4454-9160-1EA14FFEC010}.Release|Any CPU.Build.0 = Release|Any CPU
	EndGlobalSection
	GlobalSection(SolutionProperties) = preSolution
		HideSolutionNode = FALSE
	EndGlobalSection
	GlobalSection(ExtensibilityGlobals) = postSolution
		SolutionGuid = {E61FC8FA-E66D-4720-8FCB-4F8C9E33DC84}
	EndGlobalSection
EndGlobal
