
Microsoft Visual Studio Solution File, Format Version 12.00
# Visual Studio Version 16
VisualStudioVersion = 16.0.31112.23
MinimumVisualStudioVersion = 10.0.40219.1
Project("{FAE04EC0-301F-11D3-BF4B-00C04F79EFBC}") = "Exercise1", "Exercise1\Exercise1.csproj", "{368DF449-F79C-42AA-B639-66743F9D22F1}"
EndProject
Project("{FAE04EC0-301F-11D3-BF4B-00C04F79EFBC}") = "Exercise2", "Exercise2\Exercise2.csproj", "{FADD9671-AB9D-4537-8110-C5E59CA4FE61}"
EndProject
Project("{FAE04EC0-301F-11D3-BF4B-00C04F79EFBC}") = "Exercise3", "Exercise3\Exercise3.csproj", "{019F455D-A54D-4E57-8713-F9F69780CA56}"
EndProject
Project("{FAE04EC0-301F-11D3-BF4B-00C04F79EFBC}") = "Exercise4", "Exercise4\Exercise4.csproj", "{D61CFC3E-4A9B-485D-9FBA-8DD441696335}"
EndProject
Project("{FAE04EC0-301F-11D3-BF4B-00C04F79EFBC}") = "Exercise5", "Exercise5\Exercise5.csproj", "{A6A3CAD5-099E-4562-A53D-4FDFC0AFF5F5}"
EndProject
Global
	GlobalSection(SolutionConfigurationPlatforms) = preSolution
		Debug|Any CPU = Debug|Any CPU
		Release|Any CPU = Release|Any CPU
	EndGlobalSection
	GlobalSection(ProjectConfigurationPlatforms) = postSolution
		{368DF449-F79C-42AA-B639-66743F9D22F1}.Debug|Any CPU.ActiveCfg = Debug|Any CPU
		{368DF449-F79C-42AA-B639-66743F9D22F1}.Debug|Any CPU.Build.0 = Debug|Any CPU
		{368DF449-F79C-42AA-B639-66743F9D22F1}.Release|Any CPU.ActiveCfg = Release|Any CPU
		{368DF449-F79C-42AA-B639-66743F9D22F1}.Release|Any CPU.Build.0 = Release|Any CPU
		{FADD9671-AB9D-4537-8110-C5E59CA4FE61}.Debug|Any CPU.ActiveCfg = Debug|Any CPU
		{FADD9671-AB9D-4537-8110-C5E59CA4FE61}.Debug|Any CPU.Build.0 = Debug|Any CPU
		{FADD9671-AB9D-4537-8110-C5E59CA4FE61}.Release|Any CPU.ActiveCfg = Release|Any CPU
		{FADD9671-AB9D-4537-8110-C5E59CA4FE61}.Release|Any CPU.Build.0 = Release|Any CPU
		{019F455D-A54D-4E57-8713-F9F69780CA56}.Debug|Any CPU.ActiveCfg = Debug|Any CPU
		{019F455D-A54D-4E57-8713-F9F69780CA56}.Debug|Any CPU.Build.0 = Debug|Any CPU
		{019F455D-A54D-4E57-8713-F9F69780CA56}.Release|Any CPU.ActiveCfg = Release|Any CPU
		{019F455D-A54D-4E57-8713-F9F69780CA56}.Release|Any CPU.Build.0 = Release|Any CPU
		{D61CFC3E-4A9B-485D-9FBA-8DD441696335}.Debug|Any CPU.ActiveCfg = Debug|Any CPU
		{D61CFC3E-4A9B-485D-9FBA-8DD441696335}.Debug|Any CPU.Build.0 = Debug|Any CPU
		{D61CFC3E-4A9B-485D-9FBA-8DD441696335}.Release|Any CPU.ActiveCfg = Release|Any CPU
		{D61CFC3E-4A9B-485D-9FBA-8DD441696335}.Release|Any CPU.Build.0 = Release|Any CPU
		{A6A3CAD5-099E-4562-A53D-4FDFC0AFF5F5}.Debug|Any CPU.ActiveCfg = Debug|Any CPU
		{A6A3CAD5-099E-4562-A53D-4FDFC0AFF5F5}.Debug|Any CPU.Build.0 = Debug|Any CPU
		{A6A3CAD5-099E-4562-A53D-4FDFC0AFF5F5}.Release|Any CPU.ActiveCfg = Release|Any CPU
		{A6A3CAD5-099E-4562-A53D-4FDFC0AFF5F5}.Release|Any CPU.Build.0 = Release|Any CPU
	EndGlobalSection
	GlobalSection(SolutionProperties) = preSolution
		HideSolutionNode = FALSE
	EndGlobalSection
	GlobalSection(ExtensibilityGlobals) = postSolution
		SolutionGuid = {A3B09679-8767-4673-A351-500B461BBAE1}
	EndGlobalSection
EndGlobal
